
Microsoft Visual Studio Solution File, Format Version 12.00
# Visual Studio Version 16
VisualStudioVersion = 16.0.31729.503
MinimumVisualStudioVersion = 10.0.40219.1
Project("{FAE04EC0-301F-11D3-BF4B-00C04F79EFBC}") = "RobotBrain", "RobotBrain.csproj", "{660B6E26-7CF8-4BBB-B478-AC3EE3E40C59}"
EndProject
Global
	GlobalSection(SolutionConfigurationPlatforms) = preSolution
		Debug|Any CPU = Debug|Any CPU
		Release|Any CPU = Release|Any CPU
	EndGlobalSection
	GlobalSection(ProjectConfigurationPlatforms) = postSolution
		{660B6E26-7CF8-4BBB-B478-AC3EE3E40C59}.Debug|Any CPU.ActiveCfg = Debug|Any CPU
		{660B6E26-7CF8-4BBB-B478-AC3EE3E40C59}.Debug|Any CPU.Build.0 = Debug|Any CPU
		{660B6E26-7CF8-4BBB-B478-AC3EE3E40C59}.Release|Any CPU.ActiveCfg = Release|Any CPU
		{660B6E26-7CF8-4BBB-B478-AC3EE3E40C59}.Release|Any CPU.Build.0 = Release|Any CPU
	EndGlobalSection
	GlobalSection(SolutionProperties) = preSolution
		HideSolutionNode = FALSE
	EndGlobalSection
	GlobalSection(ExtensibilityGlobals) = postSolution
		SolutionGuid = {6353109A-8622-4A1D-AC6D-102ADBE01DBF}
	EndGlobalSection
EndGlobal
